
Microsoft Visual Studio Solution File, Format Version 12.00
# Visual Studio Version 16
VisualStudioVersion = 16.0.34031.81
MinimumVisualStudioVersion = 10.0.40219.1
Project("{888888A0-9F3D-457C-B088-3A5042F75D52}") = "Practica 06 - Vectores Arreglo incersión de elementos pyhton", "Practica 06 - Vectores Arreglo incersión de elementos pyhton\Practica 06 - Vectores Arreglo incersión de elementos pyhton.pyproj", "{CE01E6D0-EEE0-48B7-A7BD-DF303F216DD4}"
EndProject
Global
	GlobalSection(SolutionConfigurationPlatforms) = preSolution
		Debug|Any CPU = Debug|Any CPU
		Release|Any CPU = Release|Any CPU
	EndGlobalSection
	GlobalSection(ProjectConfigurationPlatforms) = postSolution
		{CE01E6D0-EEE0-48B7-A7BD-DF303F216DD4}.Debug|Any CPU.ActiveCfg = Debug|Any CPU
		{CE01E6D0-EEE0-48B7-A7BD-DF303F216DD4}.Release|Any CPU.ActiveCfg = Release|Any CPU
	EndGlobalSection
	GlobalSection(SolutionProperties) = preSolution
		HideSolutionNode = FALSE
	EndGlobalSection
	GlobalSection(ExtensibilityGlobals) = postSolution
		SolutionGuid = {45D597E2-7637-4946-98E5-1153421E99A7}
	EndGlobalSection
EndGlobal
